
Microsoft Visual Studio Solution File, Format Version 12.00
# Visual Studio Version 16
VisualStudioVersion = 16.0.28803.156
MinimumVisualStudioVersion = 10.0.40219.1
Project("{8BC9CEB8-8B4A-11D0-8D11-00A0C91BC942}") = "facelib", "facelib\facelib.vcxproj", "{11D57B3F-0515-46FD-8D3B-BC1A891975EF}"
EndProject
Project("{8BC9CEB8-8B4A-11D0-8D11-00A0C91BC942}") = "Face", "Face\Face.vcxproj", "{7F95A818-E9E3-4F26-90AB-F272F46D75D3}"
EndProject
Project("{FAE04EC0-301F-11D3-BF4B-00C04F79EFBC}") = "UnitTestProject1", "UnitTestProject1\UnitTestProject1.csproj", "{913058CB-388E-4B80-A95E-325D362501E6}"
EndProject
Project("{FAE04EC0-301F-11D3-BF4B-00C04F79EFBC}") = "ConsoleApp1", "ConsoleApp1\ConsoleApp1.csproj", "{8053114D-7752-4E2C-8D52-07FF83CFC411}"
EndProject
Global
	GlobalSection(SolutionConfigurationPlatforms) = preSolution
		Debug|Any CPU = Debug|Any CPU
		Debug|x64 = Debug|x64
		Debug|x86 = Debug|x86
		Release|Any CPU = Release|Any CPU
		Release|x64 = Release|x64
		Release|x86 = Release|x86
	EndGlobalSection
	GlobalSection(ProjectConfigurationPlatforms) = postSolution
		{11D57B3F-0515-46FD-8D3B-BC1A891975EF}.Debug|Any CPU.ActiveCfg = Debug|Win32
		{11D57B3F-0515-46FD-8D3B-BC1A891975EF}.Debug|x64.ActiveCfg = Debug|x64
		{11D57B3F-0515-46FD-8D3B-BC1A891975EF}.Debug|x64.Build.0 = Debug|x64
		{11D57B3F-0515-46FD-8D3B-BC1A891975EF}.Debug|x86.ActiveCfg = Debug|Win32
		{11D57B3F-0515-46FD-8D3B-BC1A891975EF}.Debug|x86.Build.0 = Debug|Win32
		{11D57B3F-0515-46FD-8D3B-BC1A891975EF}.Release|Any CPU.ActiveCfg = Release|Win32
		{11D57B3F-0515-46FD-8D3B-BC1A891975EF}.Release|x64.ActiveCfg = Release|x64
		{11D57B3F-0515-46FD-8D3B-BC1A891975EF}.Release|x64.Build.0 = Release|x64
		{11D57B3F-0515-46FD-8D3B-BC1A891975EF}.Release|x86.ActiveCfg = Release|Win32
		{11D57B3F-0515-46FD-8D3B-BC1A891975EF}.Release|x86.Build.0 = Release|Win32
		{7F95A818-E9E3-4F26-90AB-F272F46D75D3}.Debug|Any CPU.ActiveCfg = Debug|Win32
		{7F95A818-E9E3-4F26-90AB-F272F46D75D3}.Debug|x64.ActiveCfg = Debug|x64
		{7F95A818-E9E3-4F26-90AB-F272F46D75D3}.Debug|x64.Build.0 = Debug|x64
		{7F95A818-E9E3-4F26-90AB-F272F46D75D3}.Debug|x86.ActiveCfg = Debug|Win32
		{7F95A818-E9E3-4F26-90AB-F272F46D75D3}.Debug|x86.Build.0 = Debug|Win32
		{7F95A818-E9E3-4F26-90AB-F272F46D75D3}.Release|Any CPU.ActiveCfg = Release|Win32
		{7F95A818-E9E3-4F26-90AB-F272F46D75D3}.Release|x64.ActiveCfg = Release|x64
		{7F95A818-E9E3-4F26-90AB-F272F46D75D3}.Release|x64.Build.0 = Release|x64
		{7F95A818-E9E3-4F26-90AB-F272F46D75D3}.Release|x86.ActiveCfg = Release|Win32
		{7F95A818-E9E3-4F26-90AB-F272F46D75D3}.Release|x86.Build.0 = Release|Win32
		{913058CB-388E-4B80-A95E-325D362501E6}.Debug|Any CPU.ActiveCfg = Debug|Any CPU
		{913058CB-388E-4B80-A95E-325D362501E6}.Debug|Any CPU.Build.0 = Debug|Any CPU
		{913058CB-388E-4B80-A95E-325D362501E6}.Debug|x64.ActiveCfg = Debug|Any CPU
		{913058CB-388E-4B80-A95E-325D362501E6}.Debug|x64.Build.0 = Debug|Any CPU
		{913058CB-388E-4B80-A95E-325D362501E6}.Debug|x86.ActiveCfg = Debug|Any CPU
		{913058CB-388E-4B80-A95E-325D362501E6}.Debug|x86.Build.0 = Debug|Any CPU
		{913058CB-388E-4B80-A95E-325D362501E6}.Release|Any CPU.ActiveCfg = Release|Any CPU
		{913058CB-388E-4B80-A95E-325D362501E6}.Release|Any CPU.Build.0 = Release|Any CPU
		{913058CB-388E-4B80-A95E-325D362501E6}.Release|x64.ActiveCfg = Release|Any CPU
		{913058CB-388E-4B80-A95E-325D362501E6}.Release|x64.Build.0 = Release|Any CPU
		{913058CB-388E-4B80-A95E-325D362501E6}.Release|x86.ActiveCfg = Release|Any CPU
		{913058CB-388E-4B80-A95E-325D362501E6}.Release|x86.Build.0 = Release|Any CPU
		{8053114D-7752-4E2C-8D52-07FF83CFC411}.Debug|Any CPU.ActiveCfg = Debug|Any CPU
		{8053114D-7752-4E2C-8D52-07FF83CFC411}.Debug|Any CPU.Build.0 = Debug|Any CPU
		{8053114D-7752-4E2C-8D52-07FF83CFC411}.Debug|x64.ActiveCfg = Debug|Any CPU
		{8053114D-7752-4E2C-8D52-07FF83CFC411}.Debug|x64.Build.0 = Debug|Any CPU
		{8053114D-7752-4E2C-8D52-07FF83CFC411}.Debug|x86.ActiveCfg = Debug|Any CPU
		{8053114D-7752-4E2C-8D52-07FF83CFC411}.Debug|x86.Build.0 = Debug|Any CPU
		{8053114D-7752-4E2C-8D52-07FF83CFC411}.Release|Any CPU.ActiveCfg = Release|Any CPU
		{8053114D-7752-4E2C-8D52-07FF83CFC411}.Release|Any CPU.Build.0 = Release|Any CPU
		{8053114D-7752-4E2C-8D52-07FF83CFC411}.Release|x64.ActiveCfg = Release|Any CPU
		{8053114D-7752-4E2C-8D52-07FF83CFC411}.Release|x64.Build.0 = Release|Any CPU
		{8053114D-7752-4E2C-8D52-07FF83CFC411}.Release|x86.ActiveCfg = Release|Any CPU
		{8053114D-7752-4E2C-8D52-07FF83CFC411}.Release|x86.Build.0 = Release|Any CPU
	EndGlobalSection
	GlobalSection(SolutionProperties) = preSolution
		HideSolutionNode = FALSE
	EndGlobalSection
	GlobalSection(ExtensibilityGlobals) = postSolution
		SolutionGuid = {56ED7C4F-2E37-4AAB-8C63-73FBB7BE6F80}
	EndGlobalSection
EndGlobal
